{
  "lockfile_version": "1",
  "packages": {
    "awscli2@latest": {
      "last_modified": "2024-10-24T16:50:28Z",
      "resolved": "github:NixOS/nixpkgs/63487b2f26fa065cfeeaa47dddb08e2856ba53e8#awscli2",
      "source": "devbox-search",
      "version": "2.17.64",
      "systems": {
        "aarch64-darwin": {
          "outputs": [
            {
              "name": "out",
              "path": "/nix/store/mn0yqd21hqyyv7dckcan0jpq9lrm9j6k-awscli2-2.17.64",
              "default": true
            },
            {
              "name": "dist",
              "path": "/nix/store/mswf5gg8mxrrqm8qdwhw93v2i013pv7v-awscli2-2.17.64-dist"
            }
          ],
          "store_path": "/nix/store/mn0yqd21hqyyv7dckcan0jpq9lrm9j6k-awscli2-2.17.64"
        },
        "aarch64-linux": {
          "outputs": [
            {
              "name": "out",
              "path": "/nix/store/qh3nw81a6gqhznk7pfj1mc85sxyjp73b-awscli2-2.17.64",
              "default": true
            },
            {
              "name": "dist",
              "path": "/nix/store/a0amwb065q5d6yz3ivl5d5b4g0gipvhk-awscli2-2.17.64-dist"
            }
          ],
          "store_path": "/nix/store/qh3nw81a6gqhznk7pfj1mc85sxyjp73b-awscli2-2.17.64"
        },
        "x86_64-darwin": {
          "outputs": [
            {
              "name": "out",
              "path": "/nix/store/36bgc0f1hnjljmizzw7s00azrz55k7kf-awscli2-2.17.64",
              "default": true
            },
            {
              "name": "dist",
              "path": "/nix/store/0jrbanbws3h2f6mxszvnmg2jvgwkf68j-awscli2-2.17.64-dist"
            }
          ],
          "store_path": "/nix/store/36bgc0f1hnjljmizzw7s00azrz55k7kf-awscli2-2.17.64"
        },
        "x86_64-linux": {
          "outputs": [
            {
              "name": "out",
              "path": "/nix/store/3lzmpwhgnci0d8yvfwbp8gzrrcz2km5s-awscli2-2.17.64",
              "default": true
            },
            {
              "name": "dist",
              "path": "/nix/store/apkzxak8p17ac17a77mj8wcfvraxj22b-awscli2-2.17.64-dist"
            }
          ],
          "store_path": "/nix/store/3lzmpwhgnci0d8yvfwbp8gzrrcz2km5s-awscli2-2.17.64"
        }
      }
    },
    "terraform@latest": {
      "last_modified": "2024-10-17T04:50:07Z",
      "resolved": "github:NixOS/nixpkgs/1bde3e8e37a72989d4d455adde764d45f45dc11c#terraform",
      "source": "devbox-search",
      "version": "1.9.8",
      "systems": {
        "aarch64-darwin": {
          "outputs": [
            {
              "name": "out",
              "path": "/nix/store/r46vycq0bs55r759c9s442f9zns8p175-terraform-1.9.8",
              "default": true
            }
          ],
          "store_path": "/nix/store/r46vycq0bs55r759c9s442f9zns8p175-terraform-1.9.8"
        },
        "aarch64-linux": {
          "outputs": [
            {
              "name": "out",
              "path": "/nix/store/x8vw40976wi5ggbh4za2l1h1xlq5w5br-terraform-1.9.8",
              "default": true
            }
          ],
          "store_path": "/nix/store/x8vw40976wi5ggbh4za2l1h1xlq5w5br-terraform-1.9.8"
        },
        "x86_64-darwin": {
          "outputs": [
            {
              "name": "out",
              "path": "/nix/store/9kz1ls4vzwvs30v8a73p31yjl7r64a95-terraform-1.9.8",
              "default": true
            }
          ],
          "store_path": "/nix/store/9kz1ls4vzwvs30v8a73p31yjl7r64a95-terraform-1.9.8"
        },
        "x86_64-linux": {
          "outputs": [
            {
              "name": "out",
              "path": "/nix/store/j9g3d1wrlblm07lsn2hqvz4b3w180lfd-terraform-1.9.8",
              "default": true
            }
          ],
          "store_path": "/nix/store/j9g3d1wrlblm07lsn2hqvz4b3w180lfd-terraform-1.9.8"
        }
      }
    }
  }
}
